
Microsoft Visual Studio Solution File, Format Version 12.00
# Visual Studio 15
VisualStudioVersion = 15.0.26730.15
MinimumVisualStudioVersion = 10.0.40219.1
Project("{FAE04EC0-301F-11D3-BF4B-00C04F79EFBC}") = "FamiltyAtTheBridge", "FamiltyAtTheBridge\FamiltyAtTheBridge.csproj", "{0768E8D1-B71B-433D-A11B-2B4561863E9C}"
EndProject
Global
	GlobalSection(SolutionConfigurationPlatforms) = preSolution
		Debug|Any CPU = Debug|Any CPU
		Release|Any CPU = Release|Any CPU
	EndGlobalSection
	GlobalSection(ProjectConfigurationPlatforms) = postSolution
		{0768E8D1-B71B-433D-A11B-2B4561863E9C}.Debug|Any CPU.ActiveCfg = Debug|Any CPU
		{0768E8D1-B71B-433D-A11B-2B4561863E9C}.Debug|Any CPU.Build.0 = Debug|Any CPU
		{0768E8D1-B71B-433D-A11B-2B4561863E9C}.Release|Any CPU.ActiveCfg = Release|Any CPU
		{0768E8D1-B71B-433D-A11B-2B4561863E9C}.Release|Any CPU.Build.0 = Release|Any CPU
	EndGlobalSection
	GlobalSection(SolutionProperties) = preSolution
		HideSolutionNode = FALSE
	EndGlobalSection
	GlobalSection(ExtensibilityGlobals) = postSolution
		SolutionGuid = {B46F16D0-528E-414D-B791-AA4C414EB53C}
	EndGlobalSection
EndGlobal
