
Microsoft Visual Studio Solution File, Format Version 12.00
# Visual Studio 15
VisualStudioVersion = 15.0.26730.15
MinimumVisualStudioVersion = 10.0.40219.1
Project("{FAE04EC0-301F-11D3-BF4B-00C04F79EFBC}") = "CommandPattern", "CommandPattern\CommandPattern.csproj", "{D35CDA74-479E-4860-A313-B1C80EB95B34}"
EndProject
Global
	GlobalSection(SolutionConfigurationPlatforms) = preSolution
		Debug|Any CPU = Debug|Any CPU
		Release|Any CPU = Release|Any CPU
	EndGlobalSection
	GlobalSection(ProjectConfigurationPlatforms) = postSolution
		{D35CDA74-479E-4860-A313-B1C80EB95B34}.Debug|Any CPU.ActiveCfg = Debug|Any CPU
		{D35CDA74-479E-4860-A313-B1C80EB95B34}.Debug|Any CPU.Build.0 = Debug|Any CPU
		{D35CDA74-479E-4860-A313-B1C80EB95B34}.Release|Any CPU.ActiveCfg = Release|Any CPU
		{D35CDA74-479E-4860-A313-B1C80EB95B34}.Release|Any CPU.Build.0 = Release|Any CPU
	EndGlobalSection
	GlobalSection(SolutionProperties) = preSolution
		HideSolutionNode = FALSE
	EndGlobalSection
	GlobalSection(ExtensibilityGlobals) = postSolution
		SolutionGuid = {F9415D77-49AA-48CB-A1FC-34AA7D03F4CA}
	EndGlobalSection
EndGlobal
