
Microsoft Visual Studio Solution File, Format Version 12.00
# Visual Studio 15
VisualStudioVersion = 15.0.26730.15
MinimumVisualStudioVersion = 10.0.40219.1
Project("{FAE04EC0-301F-11D3-BF4B-00C04F79EFBC}") = "AD_Week2_HW", "AD_Week2_HW\AD_Week2_HW.csproj", "{5DD58209-7562-49A1-983D-2D518FA005A9}"
EndProject
Project("{FAE04EC0-301F-11D3-BF4B-00C04F79EFBC}") = "AD_Week2_HW_Form", "AD_Week2_HW_Form\AD_Week2_HW_Form.csproj", "{D7B6E504-D471-4EB5-B63F-3AE5F469A5EA}"
EndProject
Global
	GlobalSection(SolutionConfigurationPlatforms) = preSolution
		Debug|Any CPU = Debug|Any CPU
		Release|Any CPU = Release|Any CPU
	EndGlobalSection
	GlobalSection(ProjectConfigurationPlatforms) = postSolution
		{5DD58209-7562-49A1-983D-2D518FA005A9}.Debug|Any CPU.ActiveCfg = Debug|Any CPU
		{5DD58209-7562-49A1-983D-2D518FA005A9}.Debug|Any CPU.Build.0 = Debug|Any CPU
		{5DD58209-7562-49A1-983D-2D518FA005A9}.Release|Any CPU.ActiveCfg = Release|Any CPU
		{5DD58209-7562-49A1-983D-2D518FA005A9}.Release|Any CPU.Build.0 = Release|Any CPU
		{D7B6E504-D471-4EB5-B63F-3AE5F469A5EA}.Debug|Any CPU.ActiveCfg = Debug|Any CPU
		{D7B6E504-D471-4EB5-B63F-3AE5F469A5EA}.Debug|Any CPU.Build.0 = Debug|Any CPU
		{D7B6E504-D471-4EB5-B63F-3AE5F469A5EA}.Release|Any CPU.ActiveCfg = Release|Any CPU
		{D7B6E504-D471-4EB5-B63F-3AE5F469A5EA}.Release|Any CPU.Build.0 = Release|Any CPU
	EndGlobalSection
	GlobalSection(SolutionProperties) = preSolution
		HideSolutionNode = FALSE
	EndGlobalSection
	GlobalSection(ExtensibilityGlobals) = postSolution
		SolutionGuid = {0ECD8ED5-9961-4C4B-A979-224980ABE697}
	EndGlobalSection
EndGlobal
