
Microsoft Visual Studio Solution File, Format Version 12.00
# Visual Studio 15
VisualStudioVersion = 15.0.27130.2027
MinimumVisualStudioVersion = 10.0.40219.1
Project("{FAE04EC0-301F-11D3-BF4B-00C04F79EFBC}") = "ResourceGatherer", "ResourceGatherer\ResourceGatherer.csproj", "{B459AC9E-C8C5-41E9-B9D8-33FDAE9111B7}"
EndProject
Global
	GlobalSection(SolutionConfigurationPlatforms) = preSolution
		Debug|Any CPU = Debug|Any CPU
		Release|Any CPU = Release|Any CPU
	EndGlobalSection
	GlobalSection(ProjectConfigurationPlatforms) = postSolution
		{B459AC9E-C8C5-41E9-B9D8-33FDAE9111B7}.Debug|Any CPU.ActiveCfg = Debug|Any CPU
		{B459AC9E-C8C5-41E9-B9D8-33FDAE9111B7}.Debug|Any CPU.Build.0 = Debug|Any CPU
		{B459AC9E-C8C5-41E9-B9D8-33FDAE9111B7}.Release|Any CPU.ActiveCfg = Release|Any CPU
		{B459AC9E-C8C5-41E9-B9D8-33FDAE9111B7}.Release|Any CPU.Build.0 = Release|Any CPU
	EndGlobalSection
	GlobalSection(SolutionProperties) = preSolution
		HideSolutionNode = FALSE
	EndGlobalSection
	GlobalSection(ExtensibilityGlobals) = postSolution
		SolutionGuid = {4A6FECB6-1C4D-43C8-8459-12A4EAC53CA4}
	EndGlobalSection
EndGlobal
