
Microsoft Visual Studio Solution File, Format Version 12.00
# Visual Studio 15
VisualStudioVersion = 15.0.26730.15
MinimumVisualStudioVersion = 10.0.40219.1
Project("{FAE04EC0-301F-11D3-BF4B-00C04F79EFBC}") = "BinarySearchTree", "BinarySearchTree\BinarySearchTree.csproj", "{04CCFA67-6DFB-4CA2-ADA3-077307E5A94B}"
EndProject
Global
	GlobalSection(SolutionConfigurationPlatforms) = preSolution
		Debug|Any CPU = Debug|Any CPU
		Release|Any CPU = Release|Any CPU
	EndGlobalSection
	GlobalSection(ProjectConfigurationPlatforms) = postSolution
		{04CCFA67-6DFB-4CA2-ADA3-077307E5A94B}.Debug|Any CPU.ActiveCfg = Debug|Any CPU
		{04CCFA67-6DFB-4CA2-ADA3-077307E5A94B}.Debug|Any CPU.Build.0 = Debug|Any CPU
		{04CCFA67-6DFB-4CA2-ADA3-077307E5A94B}.Release|Any CPU.ActiveCfg = Release|Any CPU
		{04CCFA67-6DFB-4CA2-ADA3-077307E5A94B}.Release|Any CPU.Build.0 = Release|Any CPU
	EndGlobalSection
	GlobalSection(SolutionProperties) = preSolution
		HideSolutionNode = FALSE
	EndGlobalSection
	GlobalSection(ExtensibilityGlobals) = postSolution
		SolutionGuid = {32C90C25-71A7-4F3A-811F-A21351574266}
	EndGlobalSection
EndGlobal
