
Microsoft Visual Studio Solution File, Format Version 12.00
# Visual Studio 15
VisualStudioVersion = 15.0.26730.15
MinimumVisualStudioVersion = 10.0.40219.1
Project("{FAE04EC0-301F-11D3-BF4B-00C04F79EFBC}") = "DW_Week3_Opgaves", "DW_Week3_Opgaves\DW_Week3_Opgaves.csproj", "{471DAE75-405C-411E-9704-7842F1D72152}"
EndProject
Global
	GlobalSection(SolutionConfigurationPlatforms) = preSolution
		Debug|Any CPU = Debug|Any CPU
		Release|Any CPU = Release|Any CPU
	EndGlobalSection
	GlobalSection(ProjectConfigurationPlatforms) = postSolution
		{471DAE75-405C-411E-9704-7842F1D72152}.Debug|Any CPU.ActiveCfg = Debug|Any CPU
		{471DAE75-405C-411E-9704-7842F1D72152}.Debug|Any CPU.Build.0 = Debug|Any CPU
		{471DAE75-405C-411E-9704-7842F1D72152}.Release|Any CPU.ActiveCfg = Release|Any CPU
		{471DAE75-405C-411E-9704-7842F1D72152}.Release|Any CPU.Build.0 = Release|Any CPU
	EndGlobalSection
	GlobalSection(SolutionProperties) = preSolution
		HideSolutionNode = FALSE
	EndGlobalSection
	GlobalSection(ExtensibilityGlobals) = postSolution
		SolutionGuid = {61D7761A-8B47-4B93-B662-0DDE1E674BFF}
	EndGlobalSection
EndGlobal
